Microsoft Visual Studio Solution File, Format Version 8.00
Project("{8BC9CEB8-8B4A-11D0-8D11-00A0C91BC942}") = "extension", "extension\extension.vcproj", "{87295A7E-093F-41F7-990E-A3C48C0DB1DF}"
	ProjectSection(ProjectDependencies) = postProject
	EndProjectSection
EndProject
Project("{8BC9CEB8-8B4A-11D0-8D11-00A0C91BC942}") = "syncedit", "syncedit\syncedit.vcproj", "{F3126830-2BC0-4B18-A360-E8C5810760AD}"
	ProjectSection(ProjectDependencies) = postProject
		{87295A7E-093F-41F7-990E-A3C48C0DB1DF} = {87295A7E-093F-41F7-990E-A3C48C0DB1DF}
		{87295A7E-093F-41F7-990E-A3C48C0DB1DF} = {87295A7E-093F-41F7-990E-A3C48C0DB1DF}
		{87295A7E-093F-41F7-990E-A3C48C0DB1DF} = {87295A7E-093F-41F7-990E-A3C48C0DB1DF}
		{87295A7E-093F-41F7-990E-A3C48C0DB1DF} = {87295A7E-093F-41F7-990E-A3C48C0DB1DF}
		{87295A7E-093F-41F7-990E-A3C48C0DB1DF} = {87295A7E-093F-41F7-990E-A3C48C0DB1DF}
		{87295A7E-093F-41F7-990E-A3C48C0DB1DF} = {87295A7E-093F-41F7-990E-A3C48C0DB1DF}
	EndProjectSection
EndProject
Project("{8BC9CEB8-8B4A-11D0-8D11-00A0C91BC942}") = "syncodbcquery", "syncodbcquery\syncodbcquery.vcproj", "{120AFDEB-52AE-4988-8B6D-90F62C78C0FF}"
	ProjectSection(ProjectDependencies) = postProject
		{87295A7E-093F-41F7-990E-A3C48C0DB1DF} = {87295A7E-093F-41F7-990E-A3C48C0DB1DF}
		{87295A7E-093F-41F7-990E-A3C48C0DB1DF} = {87295A7E-093F-41F7-990E-A3C48C0DB1DF}
		{87295A7E-093F-41F7-990E-A3C48C0DB1DF} = {87295A7E-093F-41F7-990E-A3C48C0DB1DF}
		{87295A7E-093F-41F7-990E-A3C48C0DB1DF} = {87295A7E-093F-41F7-990E-A3C48C0DB1DF}
		{87295A7E-093F-41F7-990E-A3C48C0DB1DF} = {87295A7E-093F-41F7-990E-A3C48C0DB1DF}
		{87295A7E-093F-41F7-990E-A3C48C0DB1DF} = {87295A7E-093F-41F7-990E-A3C48C0DB1DF}
	EndProjectSection
EndProject
Project("{8BC9CEB8-8B4A-11D0-8D11-00A0C91BC942}") = "syncsocketserver", "syncsocketserver\syncsocketserver.vcproj", "{FCA3C7BC-A0DE-40D0-A38B-8E583B94711D}"
	ProjectSection(ProjectDependencies) = postProject
		{87295A7E-093F-41F7-990E-A3C48C0DB1DF} = {87295A7E-093F-41F7-990E-A3C48C0DB1DF}
		{87295A7E-093F-41F7-990E-A3C48C0DB1DF} = {87295A7E-093F-41F7-990E-A3C48C0DB1DF}
		{87295A7E-093F-41F7-990E-A3C48C0DB1DF} = {87295A7E-093F-41F7-990E-A3C48C0DB1DF}
		{87295A7E-093F-41F7-990E-A3C48C0DB1DF} = {87295A7E-093F-41F7-990E-A3C48C0DB1DF}
		{87295A7E-093F-41F7-990E-A3C48C0DB1DF} = {87295A7E-093F-41F7-990E-A3C48C0DB1DF}
		{87295A7E-093F-41F7-990E-A3C48C0DB1DF} = {87295A7E-093F-41F7-990E-A3C48C0DB1DF}
	EndProjectSection
EndProject
Project("{8BC9CEB8-8B4A-11D0-8D11-00A0C91BC942}") = "filetool", "extension\report\filetool.vcproj", "{87295A7E-093F-41F7-990E-A3C48C0DB1DF}"
	ProjectSection(ProjectDependencies) = postProject
	EndProjectSection
EndProject
Global
	GlobalSection(SolutionConfiguration) = preSolution
		Debug = Debug
		Portable = Portable
		Release = Release
	EndGlobalSection
	GlobalSection(ProjectConfiguration) = postSolution
		{87295A7E-093F-41F7-990E-A3C48C0DB1DF}.Debug.ActiveCfg = Debug|Win32
		{87295A7E-093F-41F7-990E-A3C48C0DB1DF}.Debug.Build.0 = Debug|Win32
		{87295A7E-093F-41F7-990E-A3C48C0DB1DF}.Portable.ActiveCfg = Portable|Win32
		{87295A7E-093F-41F7-990E-A3C48C0DB1DF}.Portable.Build.0 = Portable|Win32
		{87295A7E-093F-41F7-990E-A3C48C0DB1DF}.Release.ActiveCfg = Release|Win32
		{87295A7E-093F-41F7-990E-A3C48C0DB1DF}.Release.Build.0 = Release|Win32
		{F3126830-2BC0-4B18-A360-E8C5810760AD}.Debug.ActiveCfg = Debug|Win32
		{F3126830-2BC0-4B18-A360-E8C5810760AD}.Debug.Build.0 = Debug|Win32
		{F3126830-2BC0-4B18-A360-E8C5810760AD}.Portable.ActiveCfg = Portable|Win32
		{F3126830-2BC0-4B18-A360-E8C5810760AD}.Portable.Build.0 = Portable|Win32
		{F3126830-2BC0-4B18-A360-E8C5810760AD}.Release.ActiveCfg = Release|Win32
		{F3126830-2BC0-4B18-A360-E8C5810760AD}.Release.Build.0 = Release|Win32
		{120AFDEB-52AE-4988-8B6D-90F62C78C0FF}.Debug.ActiveCfg = Debug|Win32
		{120AFDEB-52AE-4988-8B6D-90F62C78C0FF}.Debug.Build.0 = Debug|Win32
		{120AFDEB-52AE-4988-8B6D-90F62C78C0FF}.Portable.ActiveCfg = Debug|Win32
		{120AFDEB-52AE-4988-8B6D-90F62C78C0FF}.Portable.Build.0 = Debug|Win32
		{120AFDEB-52AE-4988-8B6D-90F62C78C0FF}.Release.ActiveCfg = Release|Win32
		{120AFDEB-52AE-4988-8B6D-90F62C78C0FF}.Release.Build.0 = Release|Win32
		{FCA3C7BC-A0DE-40D0-A38B-8E583B94711D}.Debug.ActiveCfg = Debug|Win32
		{FCA3C7BC-A0DE-40D0-A38B-8E583B94711D}.Debug.Build.0 = Debug|Win32
		{FCA3C7BC-A0DE-40D0-A38B-8E583B94711D}.Portable.ActiveCfg = Debug|Win32
		{FCA3C7BC-A0DE-40D0-A38B-8E583B94711D}.Portable.Build.0 = Debug|Win32
		{FCA3C7BC-A0DE-40D0-A38B-8E583B94711D}.Release.ActiveCfg = Release|Win32
		{FCA3C7BC-A0DE-40D0-A38B-8E583B94711D}.Release.Build.0 = Release|Win32
		{87295A7E-093F-41F7-990E-A3C48C0DB1DF}.Debug.ActiveCfg = Debug|Win32
		{87295A7E-093F-41F7-990E-A3C48C0DB1DF}.Debug.Build.0 = Debug|Win32
		{87295A7E-093F-41F7-990E-A3C48C0DB1DF}.Portable.ActiveCfg = Portable|Win32
		{87295A7E-093F-41F7-990E-A3C48C0DB1DF}.Portable.Build.0 = Portable|Win32
		{87295A7E-093F-41F7-990E-A3C48C0DB1DF}.Release.ActiveCfg = Release|Win32
		{87295A7E-093F-41F7-990E-A3C48C0DB1DF}.Release.Build.0 = Release|Win32
	EndGlobalSection
	GlobalSection(ExtensibilityGlobals) = postSolution
	EndGlobalSection
	GlobalSection(ExtensibilityAddIns) = postSolution
	EndGlobalSection
EndGlobal
