Microsoft Visual Studio Solution File, Format Version 8.00
Project("{8BC9CEB8-8B4A-11D0-8D11-00A0C91BC942}") = "extension", "extension\extension.vcproj", "{E123BBDA-4406-4622-B810-397DF5DCF686}"
	ProjectSection(ProjectDependencies) = postProject
	EndProjectSection
EndProject
Project("{8BC9CEB8-8B4A-11D0-8D11-00A0C91BC942}") = "report", "extension\report\report.vcproj", "{1A912588-8B2A-4BA9-A553-9A32E006E3DD}"
	ProjectSection(ProjectDependencies) = postProject
		{E123BBDA-4406-4622-B810-397DF5DCF686} = {E123BBDA-4406-4622-B810-397DF5DCF686}
	EndProjectSection
EndProject
Project("{8BC9CEB8-8B4A-11D0-8D11-00A0C91BC942}") = "sample-ex", "extension\sample\ex-sample.vcproj", "{89342421-F1E7-43E9-A9A7-E11D3E0DF7F7}"
	ProjectSection(ProjectDependencies) = postProject
		{E123BBDA-4406-4622-B810-397DF5DCF686} = {E123BBDA-4406-4622-B810-397DF5DCF686}
	EndProjectSection
EndProject
Project("{8BC9CEB8-8B4A-11D0-8D11-00A0C91BC942}") = "sample-rep", "extension\sample\report\rep-sample.vcproj", "{1366A564-1B34-4CAC-89B8-9162E3024CF3}"
	ProjectSection(ProjectDependencies) = postProject
		{1A912588-8B2A-4BA9-A553-9A32E006E3DD} = {1A912588-8B2A-4BA9-A553-9A32E006E3DD}
	EndProjectSection
EndProject
Project("{8BC9CEB8-8B4A-11D0-8D11-00A0C91BC942}") = "test-app", "extension\test\app\test-app.vcproj", "{B6F30669-E655-4D8F-88BD-D8DEBC5ED073}"
	ProjectSection(ProjectDependencies) = postProject
		{E123BBDA-4406-4622-B810-397DF5DCF686} = {E123BBDA-4406-4622-B810-397DF5DCF686}
	EndProjectSection
EndProject
Project("{8BC9CEB8-8B4A-11D0-8D11-00A0C91BC942}") = "test-base", "extension\test\base\test-base.vcproj", "{66CAE1A2-BA51-47FB-B7D0-982B79317462}"
	ProjectSection(ProjectDependencies) = postProject
		{E123BBDA-4406-4622-B810-397DF5DCF686} = {E123BBDA-4406-4622-B810-397DF5DCF686}
	EndProjectSection
EndProject
Project("{8BC9CEB8-8B4A-11D0-8D11-00A0C91BC942}") = "test-rep", "extension\test\report\test-rep.vcproj", "{611307B0-8FDF-4211-96F0-6373D891A603}"
	ProjectSection(ProjectDependencies) = postProject
		{1A912588-8B2A-4BA9-A553-9A32E006E3DD} = {1A912588-8B2A-4BA9-A553-9A32E006E3DD}
	EndProjectSection
EndProject
Project("{8BC9CEB8-8B4A-11D0-8D11-00A0C91BC942}") = "syncedit", "syncedit\syncedit.vcproj", "{AE12B377-98C7-4A6D-9B60-3831FA06CD07}"
	ProjectSection(ProjectDependencies) = postProject
		{1A912588-8B2A-4BA9-A553-9A32E006E3DD} = {1A912588-8B2A-4BA9-A553-9A32E006E3DD}
	EndProjectSection
EndProject
Project("{8BC9CEB8-8B4A-11D0-8D11-00A0C91BC942}") = "syncodbcquery", "syncodbcquery\syncodbcquery.vcproj", "{0ED6B3AC-E8A4-4EE6-A3FF-FDB9D7F4E356}"
	ProjectSection(ProjectDependencies) = postProject
		{1A912588-8B2A-4BA9-A553-9A32E006E3DD} = {1A912588-8B2A-4BA9-A553-9A32E006E3DD}
	EndProjectSection
EndProject
Project("{8BC9CEB8-8B4A-11D0-8D11-00A0C91BC942}") = "syncsocketserver", "syncsocketserver\syncsocketserver.vcproj", "{E0A0A39C-9824-48A7-A2F3-19F767B26A2D}"
	ProjectSection(ProjectDependencies) = postProject
		{1A912588-8B2A-4BA9-A553-9A32E006E3DD} = {1A912588-8B2A-4BA9-A553-9A32E006E3DD}
	EndProjectSection
EndProject
Global
	GlobalSection(SolutionConfiguration) = preSolution
		Debug = Debug
		Portable = Portable
		Release = Release
	EndGlobalSection
	GlobalSection(ProjectConfiguration) = postSolution
		{E123BBDA-4406-4622-B810-397DF5DCF686}.Debug.ActiveCfg = Debug|Win32
		{E123BBDA-4406-4622-B810-397DF5DCF686}.Debug.Build.0 = Debug|Win32
		{E123BBDA-4406-4622-B810-397DF5DCF686}.Portable.ActiveCfg = Portable|Win32
		{E123BBDA-4406-4622-B810-397DF5DCF686}.Portable.Build.0 = Portable|Win32
		{E123BBDA-4406-4622-B810-397DF5DCF686}.Release.ActiveCfg = Release|Win32
		{E123BBDA-4406-4622-B810-397DF5DCF686}.Release.Build.0 = Release|Win32
		{1A912588-8B2A-4BA9-A553-9A32E006E3DD}.Debug.ActiveCfg = Debug|Win32
		{1A912588-8B2A-4BA9-A553-9A32E006E3DD}.Debug.Build.0 = Debug|Win32
		{1A912588-8B2A-4BA9-A553-9A32E006E3DD}.Portable.ActiveCfg = Portable|Win32
		{1A912588-8B2A-4BA9-A553-9A32E006E3DD}.Portable.Build.0 = Portable|Win32
		{1A912588-8B2A-4BA9-A553-9A32E006E3DD}.Release.ActiveCfg = Release|Win32
		{1A912588-8B2A-4BA9-A553-9A32E006E3DD}.Release.Build.0 = Release|Win32
		{89342421-F1E7-43E9-A9A7-E11D3E0DF7F7}.Debug.ActiveCfg = Debug|Win32
		{89342421-F1E7-43E9-A9A7-E11D3E0DF7F7}.Debug.Build.0 = Debug|Win32
		{89342421-F1E7-43E9-A9A7-E11D3E0DF7F7}.Portable.ActiveCfg = Debug|Win32
		{89342421-F1E7-43E9-A9A7-E11D3E0DF7F7}.Portable.Build.0 = Debug|Win32
		{89342421-F1E7-43E9-A9A7-E11D3E0DF7F7}.Release.ActiveCfg = Release|Win32
		{89342421-F1E7-43E9-A9A7-E11D3E0DF7F7}.Release.Build.0 = Release|Win32
		{1366A564-1B34-4CAC-89B8-9162E3024CF3}.Debug.ActiveCfg = Debug|Win32
		{1366A564-1B34-4CAC-89B8-9162E3024CF3}.Debug.Build.0 = Debug|Win32
		{1366A564-1B34-4CAC-89B8-9162E3024CF3}.Portable.ActiveCfg = Debug|Win32
		{1366A564-1B34-4CAC-89B8-9162E3024CF3}.Portable.Build.0 = Debug|Win32
		{1366A564-1B34-4CAC-89B8-9162E3024CF3}.Release.ActiveCfg = Release|Win32
		{1366A564-1B34-4CAC-89B8-9162E3024CF3}.Release.Build.0 = Release|Win32
		{B6F30669-E655-4D8F-88BD-D8DEBC5ED073}.Debug.ActiveCfg = Debug|Win32
		{B6F30669-E655-4D8F-88BD-D8DEBC5ED073}.Debug.Build.0 = Debug|Win32
		{B6F30669-E655-4D8F-88BD-D8DEBC5ED073}.Portable.ActiveCfg = Debug|Win32
		{B6F30669-E655-4D8F-88BD-D8DEBC5ED073}.Portable.Build.0 = Debug|Win32
		{B6F30669-E655-4D8F-88BD-D8DEBC5ED073}.Release.ActiveCfg = Release|Win32
		{B6F30669-E655-4D8F-88BD-D8DEBC5ED073}.Release.Build.0 = Release|Win32
		{66CAE1A2-BA51-47FB-B7D0-982B79317462}.Debug.ActiveCfg = Debug|Win32
		{66CAE1A2-BA51-47FB-B7D0-982B79317462}.Debug.Build.0 = Debug|Win32
		{66CAE1A2-BA51-47FB-B7D0-982B79317462}.Portable.ActiveCfg = Debug|Win32
		{66CAE1A2-BA51-47FB-B7D0-982B79317462}.Portable.Build.0 = Debug|Win32
		{66CAE1A2-BA51-47FB-B7D0-982B79317462}.Release.ActiveCfg = Release|Win32
		{66CAE1A2-BA51-47FB-B7D0-982B79317462}.Release.Build.0 = Release|Win32
		{611307B0-8FDF-4211-96F0-6373D891A603}.Debug.ActiveCfg = Debug|Win32
		{611307B0-8FDF-4211-96F0-6373D891A603}.Debug.Build.0 = Debug|Win32
		{611307B0-8FDF-4211-96F0-6373D891A603}.Portable.ActiveCfg = Debug|Win32
		{611307B0-8FDF-4211-96F0-6373D891A603}.Portable.Build.0 = Debug|Win32
		{611307B0-8FDF-4211-96F0-6373D891A603}.Release.ActiveCfg = Release|Win32
		{611307B0-8FDF-4211-96F0-6373D891A603}.Release.Build.0 = Release|Win32
		{AE12B377-98C7-4A6D-9B60-3831FA06CD07}.Debug.ActiveCfg = Debug|Win32
		{AE12B377-98C7-4A6D-9B60-3831FA06CD07}.Debug.Build.0 = Debug|Win32
		{AE12B377-98C7-4A6D-9B60-3831FA06CD07}.Portable.ActiveCfg = Portable|Win32
		{AE12B377-98C7-4A6D-9B60-3831FA06CD07}.Portable.Build.0 = Portable|Win32
		{AE12B377-98C7-4A6D-9B60-3831FA06CD07}.Release.ActiveCfg = Release|Win32
		{AE12B377-98C7-4A6D-9B60-3831FA06CD07}.Release.Build.0 = Release|Win32
		{0ED6B3AC-E8A4-4EE6-A3FF-FDB9D7F4E356}.Debug.ActiveCfg = Debug|Win32
		{0ED6B3AC-E8A4-4EE6-A3FF-FDB9D7F4E356}.Debug.Build.0 = Debug|Win32
		{0ED6B3AC-E8A4-4EE6-A3FF-FDB9D7F4E356}.Portable.ActiveCfg = Debug|Win32
		{0ED6B3AC-E8A4-4EE6-A3FF-FDB9D7F4E356}.Portable.Build.0 = Debug|Win32
		{0ED6B3AC-E8A4-4EE6-A3FF-FDB9D7F4E356}.Release.ActiveCfg = Release|Win32
		{0ED6B3AC-E8A4-4EE6-A3FF-FDB9D7F4E356}.Release.Build.0 = Release|Win32
		{E0A0A39C-9824-48A7-A2F3-19F767B26A2D}.Debug.ActiveCfg = Debug|Win32
		{E0A0A39C-9824-48A7-A2F3-19F767B26A2D}.Debug.Build.0 = Debug|Win32
		{E0A0A39C-9824-48A7-A2F3-19F767B26A2D}.Portable.ActiveCfg = Debug|Win32
		{E0A0A39C-9824-48A7-A2F3-19F767B26A2D}.Portable.Build.0 = Debug|Win32
		{E0A0A39C-9824-48A7-A2F3-19F767B26A2D}.Release.ActiveCfg = Release|Win32
		{E0A0A39C-9824-48A7-A2F3-19F767B26A2D}.Release.Build.0 = Release|Win32
	EndGlobalSection
	GlobalSection(ExtensibilityGlobals) = postSolution
	EndGlobalSection
	GlobalSection(ExtensibilityAddIns) = postSolution
	EndGlobalSection
EndGlobal
