<?xml version="1.0" encoding="UTF-8" standalone="yes" ?>
<CodeBlocks_project_file>
	<FileVersion major="1" minor="6" />
	<Project>
		<Option title="extension" />
		<Option pch_mode="2" />
		<Option compiler="gcc" />
		<Build>
			<Target title="Debug Win32">
				<Option output="lib\libwxextensiond" prefix_auto="1" extension_auto="1" />
				<Option working_dir="" />
				<Option object_output="buildmswd" />
				<Option type="2" />
				<Option compiler="gcc" />
				<Option createDefFile="1" />
				<Compiler>
					<Add option="-DWIN32" />
					<Add option="-D_DEBUG" />
					<Add option="-D_LIB" />
					<Add option="-D__WXMSW__" />
					<Add option="-DUSE_OTL" />
					<Add option="-DUSE_SHELL" />
					<Add option="-W" />
					<Add option="-g" />
					<Add option="-O0" />
				</Compiler>
			</Target>
			<Target title="Release Win32">
				<Option output="lib\libwxextension" prefix_auto="1" extension_auto="1" />
				<Option working_dir="" />
				<Option object_output="buildmsw" />
				<Option type="2" />
				<Option compiler="gcc" />
				<Option createDefFile="1" />
				<Compiler>
					<Add option="-DWIN32" />
					<Add option="-D_WINDOWS" />
					<Add option="-D__WINDOWS__" />
					<Add option="-D__WXMSW__" />
					<Add option="-D__HACK_MY_MSDEV40__" />
					<Add option="-D__WIN95__" />
					<Add option="-D__WIN32__" />
					<Add option="-DWINVER=0x0400" />
					<Add option="-DSTRICT" />
					<Add option="-DSCI_LEXER" />
					<Add option="-DLINK_LEXERS" />
					<Add option="-D__WX__" />
					<Add option="-DOTL_ODBC_MYSQL" />
					<Add option="-DUSE_OTL" />
					<Add option="-DUSE_SHELL" />
					<Add option="-W" />
					<Add option="-O2" />
				</Compiler>
			</Target>
			<Target title="Portable Win32">
				<Option output="lib\libwxextensionp" prefix_auto="1" extension_auto="1" />
				<Option working_dir="" />
				<Option object_output=".\buildmswp" />
				<Option type="2" />
				<Option compiler="gcc" />
				<Option createDefFile="1" />
				<Compiler>
					<Add option="-DWIN32" />
					<Add option="-D_WINDOWS" />
					<Add option="-D__WINDOWS__" />
					<Add option="-D__WXMSW__" />
					<Add option="-D__HACK_MY_MSDEV40__" />
					<Add option="-D__WIN95__" />
					<Add option="-D__WIN32__" />
					<Add option="-DWINVER=0x0400" />
					<Add option="-DSTRICT" />
					<Add option="-DSCI_LEXER" />
					<Add option="-DLINK_LEXERS" />
					<Add option="-D__WX__" />
					<Add option="-W" />
					<Add option="-O2" />
					<Add option='-D&quot;EX_PORTABLE&quot;' />
				</Compiler>
			</Target>
		</Build>
		<Unit filename="src\base.cpp" />
		<Unit filename="src\config.cpp" />
		<Unit filename="src\dir.cpp" />
		<Unit filename="src\extension.cpp" />
		<Unit filename="src\file.cpp" />
		<Unit filename="src\grid.cpp" />
		<Unit filename="src\lexer.cpp" />
		<Unit filename="src\lexers.cpp" />
		<Unit filename="src\listview.cpp" />
		<Unit filename="src\notebook.cpp" />
		<Unit filename="src\otl.cpp" />
		<Unit filename="src\renderer.cpp" />
		<Unit filename="src\shell.cpp" />
		<Unit filename="src\statistics.cpp" />
		<Unit filename="src\stc.cpp" />
		<Unit filename="src\textfile.cpp" />
		<Unit filename="src\tool.cpp" />
		<Unit filename="include\wx\extension\base.h" />
		<Unit filename="include\wx\extension\config.h" />
		<Unit filename="include\wx\extension\defs.h" />
		<Unit filename="include\wx\extension\dir.h" />
		<Unit filename="include\wx\extension\extension.h" />
		<Unit filename="include\wx\extension\file.h" />
		<Unit filename="include\wx\extension\grid.h" />
		<Unit filename="include\wx\extension\lexer.h" />
		<Unit filename="include\wx\extension\lexers.h" />
		<Unit filename="include\wx\extension\listview.h" />
		<Unit filename="include\wx\extension\notebook.h" />
		<Unit filename="include\wx\extension\otl.h" />
		<Unit filename="include\wx\extension\renderer.h" />
		<Unit filename="include\wx\extension\shell.h" />
		<Unit filename="include\wx\extension\statistics.h" />
		<Unit filename="include\wx\extension\stc.h" />
		<Unit filename="include\wx\extension\textfile.h" />
		<Unit filename="include\wx\extension\tool.h" />
		<Unit filename="include\wx\extension\version.h" />
		<Extensions>
			<code_completion />
			<debugger />
		</Extensions>
	</Project>
</CodeBlocks_project_file>
