<?xml version="1.0" encoding="UTF-8" standalone="yes" ?>
<CodeBlocks_project_file>
	<FileVersion major="1" minor="6" />
	<Project>
		<Option title="syncedit" />
		<Option pch_mode="2" />
		<Option compiler="gcc" />
		<Build>
			<Target title="Release Win32">
				<Option output=".\buildmsw\syncedit" prefix_auto="1" extension_auto="1" />
				<Option object_output="buildmsw" />
				<Option type="0" />
				<Option compiler="gcc" />
				<Compiler>
					<Add option="-DNDEBUG" />
					<Add option="-DWIN32" />
					<Add option="-D_WINDOWS" />
					<Add option="-D__WINDOWS__" />
					<Add option="-D__WXMSW__" />
					<Add option="-D__WIN95__" />
					<Add option="-D__WIN32__" />
					<Add option="-DUSE_NOTEBOOK_IMAGE" />
					<Add option="-DWINVER=0x0400" />
					<Add option="-DSTRICT" />
					<Add option="-W" />
					<Add option="-O1" />
					<Add directory="..\..\include" />
					<Add directory="..\..\contrib\include" />
				</Compiler>
				<ResourceCompiler>
					<Add directory="..\..\include" />
					<Add directory="..\..\contrib\include" />
				</ResourceCompiler>
				<Linker>
					<Add library="odbc32" />
					<Add library="odbccp32" />
					<Add library="comctl32" />
					<Add library="rpcrt4" />
					<Add library="winmm" />
					<Add library="wsock32" />
					<Add library="wxbase29u" />
					<Add library="wxbase29u_net" />
					<Add library="wxbase29u_xml" />
					<Add library="wxexpat" />
					<Add library="wxpng" />
					<Add library="wxjpeg" />
					<Add library="wxregexu" />
					<Add library="wxtiff" />
					<Add library="wxmsw29u_adv" />
					<Add library="wxmsw29u_core" />
					<Add library="wxmsw29u_stc" />
					<Add library="wxmsw29u_html" />
					<Add library="wxmsw29u_aui" />
					<Add library="wxfiletool" />
					<Add library="wxextension" />
				</Linker>
			</Target>
			<Target title="Debug Win32">
				<Option output=".\buildmswd\syncedit" prefix_auto="1" extension_auto="1" />
				<Option object_output="buildmswd" />
				<Option type="0" />
				<Option compiler="gcc" />
				<Compiler>
					<Add option="-DWIN32" />
					<Add option="-D_DEBUG" />
					<Add option="-D_WINDOWS" />
					<Add option="-D__WINDOWS__" />
					<Add option="-D__WXMSW__" />
					<Add option="-DDEBUG=1" />
					<Add option="-D__WXDEBUG__" />
					<Add option="-D__WIN95__" />
					<Add option="-D__WIN32__" />
					<Add option="-DWINVER=0x0400" />
					<Add option="-DSTRICT" />
					<Add option="-W" />
					<Add option="-g" />
					<Add option="-O0" />
					<Add directory="..\..\include" />
					<Add directory="..\..\contrib\include" />
				</Compiler>
				<ResourceCompiler>
					<Add directory="..\..\include" />
					<Add directory="..\..\contrib\include" />
				</ResourceCompiler>
				<Linker>
					<Add library="odbc32" />
					<Add library="odbccp32" />
					<Add library="comctl32" />
					<Add library="rpcrt4" />
					<Add library="wsock32" />
					<Add library="winmm" />
					<Add library="wxpngd" />
					<Add library="wxzlib" />
					<Add library="wxjpegd" />
					<Add library="wxexpatd" />
					<Add library="wxregexud" />
					<Add library="wxtiffd" />
					<Add library="wxbase29ud" />
					<Add library="wxbase29ud_net" />
					<Add library="wxbase29ud_xml" />
					<Add library="wxmsw29ud_adv" />
					<Add library="wxmsw29ud_core" />
					<Add library="wxmsw29ud_html" />
					<Add library="wxmsw29ud_stc" />
					<Add library="wxmsw29ud_aui" />
					<Add library="wxfiletoold" />
					<Add library="wxextensiond" />
					<Add directory="..\..\lib" />
					<Add directory="..\..\contrib\lib" />
				</Linker>
			</Target>
			<Target title="Portable Win32">
				<Option output=".\buildmswp\syncped" prefix_auto="1" extension_auto="1" />
				<Option object_output=".\buildmswp" />
				<Option type="0" />
				<Option compiler="gcc" />
				<Compiler>
					<Add option="-DNDEBUG" />
					<Add option="-DWIN32" />
					<Add option="-D_WINDOWS" />
					<Add option="-D__WINDOWS__" />
					<Add option="-D__WXMSW__" />
					<Add option="-D__WIN95__" />
					<Add option="-D__WIN32__" />
					<Add option="-DUSE_NOTEBOOK_IMAGE" />
					<Add option="-DWINVER=0x0400" />
					<Add option="-DSTRICT" />
					<Add option="-W" />
					<Add option="-O1" />
					<Add option='-D&quot;EX_PORTABLE&quot;' />
					<Add directory="..\..\include" />
					<Add directory="..\..\contrib\include" />
				</Compiler>
				<ResourceCompiler>
					<Add directory="..\..\include" />
					<Add directory="..\..\contrib\include" />
				</ResourceCompiler>
				<Linker>
					<Add library="odbc32" />
					<Add library="odbccp32" />
					<Add library="comctl32" />
					<Add library="rpcrt4" />
					<Add library="winmm" />
					<Add library="wsock32" />
					<Add library="wxbase29u" />
					<Add library="wxbase29u_net" />
					<Add library="wxpng" />
					<Add library="wxjpeg" />
					<Add library="wxregexu" />
					<Add library="wxtiff" />
					<Add library="wxmsw29u_adv" />
					<Add library="wxmsw29u_core" />
					<Add library="wxmsw29u_stc" />
					<Add library="wxmsw29u_html" />
					<Add library="wxmsw29u_aui" />
					<Add library="wxfiletoolp" />
					<Add library="wxextensionp" />
				</Linker>
			</Target>
		</Build>
		<Unit filename="src\appl.rc">
			<Option compilerVar="WINDRES" />
		</Unit>
		<Unit filename="src\appl.cpp" />
		<Unit filename="src\frame.cpp" />
		<Unit filename="src\support.cpp" />
		<Unit filename="src\appl.h" />
		<Unit filename="src\defs.h" />
		<Unit filename="src\frame.h" />
		<Unit filename="src\support.h" />
		<Unit filename="src\version.h" />
		<Extensions>
			<code_completion />
			<debugger />
		</Extensions>
	</Project>
</CodeBlocks_project_file>
