Microsoft Visual Studio Solution File, Format Version 8.00
Project("{8BC9CEB8-8B4A-11D0-8D11-00A0C91BC942}") = "syncedit", "syncedit.vcproj", "{F3126830-2BC0-4B18-A360-E8C5810760AD}"
	ProjectSection(ProjectDependencies) = postProject
	EndProjectSection
EndProject
Global
	GlobalSection(SolutionConfiguration) = preSolution
		Debug = Debug
		Portable = Portable
		Release = Release
	EndGlobalSection
	GlobalSection(ProjectConfiguration) = postSolution
		{F3126830-2BC0-4B18-A360-E8C5810760AD}.Debug.ActiveCfg = Debug|Win32
		{F3126830-2BC0-4B18-A360-E8C5810760AD}.Debug.Build.0 = Debug|Win32
		{F3126830-2BC0-4B18-A360-E8C5810760AD}.Portable.ActiveCfg = Portable|Win32
		{F3126830-2BC0-4B18-A360-E8C5810760AD}.Portable.Build.0 = Portable|Win32
		{F3126830-2BC0-4B18-A360-E8C5810760AD}.Release.ActiveCfg = Release|Win32
		{F3126830-2BC0-4B18-A360-E8C5810760AD}.Release.Build.0 = Release|Win32
	EndGlobalSection
	GlobalSection(ExtensibilityGlobals) = postSolution
	EndGlobalSection
	GlobalSection(ExtensibilityAddIns) = postSolution
	EndGlobalSection
EndGlobal
